// !$*UTF8*$!
{
	archiveVersion = 1;
	classes = {
	};
	objectVersion = 56;
	objects = {

/* Begin PBXBuildFile section */
		86801B1D2B3BF737001D5776 /* BreakfastRecipesApp.swift in Sources */ = {isa = PBXBuildFile; fileRef = 86801B1C2B3BF737001D5776 /* BreakfastRecipesApp.swift */; };
		86801B212B3BF738001D5776 /* Assets.xcassets in Resources */ = {isa = PBXBuildFile; fileRef = 86801B202B3BF738001D5776 /* Assets.xcassets */; };
		86801B242B3BF738001D5776 /* Preview Assets.xcassets in Resources */ = {isa = PBXBuildFile; fileRef = 86801B232B3BF738001D5776 /* Preview Assets.xcassets */; };
		86801B2D2B3C0A80001D5776 /* Recipe.swift in Sources */ = {isa = PBXBuildFile; fileRef = 86801B2C2B3C0A7F001D5776 /* Recipe.swift */; };
		86801B2F2B3C0EA0001D5776 /* RecipeLoader.swift in Sources */ = {isa = PBXBuildFile; fileRef = 86801B2E2B3C0EA0001D5776 /* RecipeLoader.swift */; };
		86801B312B3C1143001D5776 /* DetailView.swift in Sources */ = {isa = PBXBuildFile; fileRef = 86801B302B3C1143001D5776 /* DetailView.swift */; };
		86801B332B3C1184001D5776 /* MenuListView.swift in Sources */ = {isa = PBXBuildFile; fileRef = 86801B322B3C1184001D5776 /* MenuListView.swift */; };
		86801B392B3C1B36001D5776 /* recipes.json in Resources */ = {isa = PBXBuildFile; fileRef = 86801B382B3C1B36001D5776 /* recipes.json */; };
		86801B3F2B3D6071001D5776 /* Launch Screen.storyboard in Resources */ = {isa = PBXBuildFile; fileRef = 86801B3E2B3D6071001D5776 /* Launch Screen.storyboard */; };
/* End PBXBuildFile section */

/* Begin PBXFileReference section */
		86801B192B3BF737001D5776 /* BreakfastRecipes.app */ = {isa = PBXFileReference; explicitFileType = wrapper.application; includeInIndex = 0; path = BreakfastRecipes.app; sourceTree = BUILT_PRODUCTS_DIR; };
		86801B1C2B3BF737001D5776 /* BreakfastRecipesApp.swift */ = {isa = PBXFileReference; lastKnownFileType = sourcecode.swift; path = BreakfastRecipesApp.swift; sourceTree = "<group>"; };
		86801B202B3BF738001D5776 /* Assets.xcassets */ = {isa = PBXFileReference; lastKnownFileType = folder.assetcatalog; path = Assets.xcassets; sourceTree = "<group>"; };
		86801B232B3BF738001D5776 /* Preview Assets.xcassets */ = {isa = PBXFileReference; lastKnownFileType = folder.assetcatalog; path = "Preview Assets.xcassets"; sourceTree = "<group>"; };
		86801B2C2B3C0A7F001D5776 /* Recipe.swift */ = {isa = PBXFileReference; lastKnownFileType = sourcecode.swift; path = Recipe.swift; sourceTree = "<group>"; };
		86801B2E2B3C0EA0001D5776 /* RecipeLoader.swift */ = {isa = PBXFileReference; lastKnownFileType = sourcecode.swift; path = RecipeLoader.swift; sourceTree = "<group>"; };
		86801B302B3C1143001D5776 /* DetailView.swift */ = {isa = PBXFileReference; lastKnownFileType = sourcecode.swift; path = DetailView.swift; sourceTree = "<group>"; };
		86801B322B3C1184001D5776 /* MenuListView.swift */ = {isa = PBXFileReference; lastKnownFileType = sourcecode.swift; path = MenuListView.swift; sourceTree = "<group>"; };
		86801B382B3C1B36001D5776 /* recipes.json */ = {isa = PBXFileReference; lastKnownFileType = text.json; path = recipes.json; sourceTree = "<group>"; };
		86801B3D2B3D6012001D5776 /* Info.plist */ = {isa = PBXFileReference; lastKnownFileType = text.plist; path = Info.plist; sourceTree = "<group>"; };
		86801B3E2B3D6071001D5776 /* Launch Screen.storyboard */ = {isa = PBXFileReference; lastKnownFileType = file.storyboard; path = "Launch Screen.storyboard"; sourceTree = "<group>"; };
/* End PBXFileReference section */

/* Begin PBXFrameworksBuildPhase section */
		86801B162B3BF737001D5776 /* Frameworks */ = {
			isa = PBXFrameworksBuildPhase;
			buildActionMask = 2147483647;
			files = (
			);
			runOnlyForDeploymentPostprocessing = 0;
		};
/* End PBXFrameworksBuildPhase section */

/* Begin PBXGroup section */
		86801B102B3BF737001D5776 = {
			isa = PBXGroup;
			children = (
				86801B1B2B3BF737001D5776 /* BreakfastRecipes */,
				86801B1A2B3BF737001D5776 /* Products */,
			);
			sourceTree = "<group>";
		};
		86801B1A2B3BF737001D5776 /* Products */ = {
			isa = PBXGroup;
			children = (
				86801B192B3BF737001D5776 /* BreakfastRecipes.app */,
			);
			name = Products;
			sourceTree = "<group>";
		};
		86801B1B2B3BF737001D5776 /* BreakfastRecipes */ = {
			isa = PBXGroup;
			children = (
				86801B3D2B3D6012001D5776 /* Info.plist */,
				86801B3C2B3C2AFE001D5776 /* App */,
				86801B3A2B3C2AD8001D5776 /* View */,
				86801B3B2B3C2AE7001D5776 /* Model */,
				86A25B652B5A397A003D5B0F /* Service */,
				86801B202B3BF738001D5776 /* Assets.xcassets */,
				86801B222B3BF738001D5776 /* Preview Content */,
			);
			path = BreakfastRecipes;
			sourceTree = "<group>";
		};
		86801B222B3BF738001D5776 /* Preview Content */ = {
			isa = PBXGroup;
			children = (
				86801B232B3BF738001D5776 /* Preview Assets.xcassets */,
				86801B382B3C1B36001D5776 /* recipes.json */,
				86801B3E2B3D6071001D5776 /* Launch Screen.storyboard */,
			);
			path = "Preview Content";
			sourceTree = "<group>";
		};
		86801B3A2B3C2AD8001D5776 /* View */ = {
			isa = PBXGroup;
			children = (
				86801B322B3C1184001D5776 /* MenuListView.swift */,
				86801B302B3C1143001D5776 /* DetailView.swift */,
			);
			path = View;
			sourceTree = "<group>";
		};
		86801B3B2B3C2AE7001D5776 /* Model */ = {
			isa = PBXGroup;
			children = (
				86801B2C2B3C0A7F001D5776 /* Recipe.swift */,
			);
			path = Model;
			sourceTree = "<group>";
		};
		86801B3C2B3C2AFE001D5776 /* App */ = {
			isa = PBXGroup;
			children = (
				86801B1C2B3BF737001D5776 /* BreakfastRecipesApp.swift */,
			);
			path = App;
			sourceTree = "<group>";
		};
		86A25B652B5A397A003D5B0F /* Service */ = {
			isa = PBXGroup;
			children = (
				86801B2E2B3C0EA0001D5776 /* RecipeLoader.swift */,
			);
			path = Service;
			sourceTree = "<group>";
		};
/* End PBXGroup section */

/* Begin PBXNativeTarget section */
		86801B182B3BF737001D5776 /* BreakfastRecipes */ = {
			isa = PBXNativeTarget;
			buildConfigurationList = 86801B272B3BF738001D5776 /* Build configuration list for PBXNativeTarget "BreakfastRecipes" */;
			buildPhases = (
				86801B152B3BF737001D5776 /* Sources */,
				86801B162B3BF737001D5776 /* Frameworks */,
				86801B172B3BF737001D5776 /* Resources */,
			);
			buildRules = (
			);
			dependencies = (
			);
			name = BreakfastRecipes;
			productName = BreakfastRecipes;
			productReference = 86801B192B3BF737001D5776 /* BreakfastRecipes.app */;
			productType = "com.apple.product-type.application";
		};
/* End PBXNativeTarget section */

/* Begin PBXProject section */
		86801B112B3BF737001D5776 /* Project object */ = {
			isa = PBXProject;
			attributes = {
				BuildIndependentTargetsInParallel = 1;
				LastSwiftUpdateCheck = 1510;
				LastUpgradeCheck = 1510;
				TargetAttributes = {
					86801B182B3BF737001D5776 = {
						CreatedOnToolsVersion = 15.1;
					};
				};
			};
			buildConfigurationList = 86801B142B3BF737001D5776 /* Build configuration list for PBXProject "BreakfastRecipes" */;
			compatibilityVersion = "Xcode 14.0";
			developmentRegion = en;
			hasScannedForEncodings = 0;
			knownRegions = (
				en,
				Base,
			);
			mainGroup = 86801B102B3BF737001D5776;
			productRefGroup = 86801B1A2B3BF737001D5776 /* Products */;
			projectDirPath = "";
			projectRoot = "";
			targets = (
				86801B182B3BF737001D5776 /* BreakfastRecipes */,
			);
		};
/* End PBXProject section */

/* Begin PBXResourcesBuildPhase section */
		86801B172B3BF737001D5776 /* Resources */ = {
			isa = PBXResourcesBuildPhase;
			buildActionMask = 2147483647;
			files = (
				86801B242B3BF738001D5776 /* Preview Assets.xcassets in Resources */,
				86801B392B3C1B36001D5776 /* recipes.json in Resources */,
				86801B3F2B3D6071001D5776 /* Launch Screen.storyboard in Resources */,
				86801B212B3BF738001D5776 /* Assets.xcassets in Resources */,
			);
			runOnlyForDeploymentPostprocessing = 0;
		};
/* End PBXResourcesBuildPhase section */

/* Begin PBXSourcesBuildPhase section */
		86801B152B3BF737001D5776 /* Sources */ = {
			isa = PBXSourcesBuildPhase;
			buildActionMask = 2147483647;
			files = (
				86801B2D2B3C0A80001D5776 /* Recipe.swift in Sources */,
				86801B332B3C1184001D5776 /* MenuListView.swift in Sources */,
				86801B2F2B3C0EA0001D5776 /* RecipeLoader.swift in Sources */,
				86801B312B3C1143001D5776 /* DetailView.swift in Sources */,
				86801B1D2B3BF737001D5776 /* BreakfastRecipesApp.swift in Sources */,
			);
			runOnlyForDeploymentPostprocessing = 0;
		};
/* End PBXSourcesBuildPhase section */

/* Begin XCBuildConfiguration section */
		86801B252B3BF738001D5776 /* Debug */ = {
			isa = XCBuildConfiguration;
			buildSettings = {
				ALWAYS_SEARCH_USER_PATHS = NO;
				ASSETCATALOG_COMPILER_GENERATE_SWIFT_ASSET_SYMBOL_EXTENSIONS = YES;
				CLANG_ANALYZER_NONNULL = YES;
				CLANG_ANALYZER_NUMBER_OBJECT_CONVERSION = YES_AGGRESSIVE;
				CLANG_CXX_LANGUAGE_STANDARD = "gnu++20";
				CLANG_ENABLE_MODULES = YES;
				CLANG_ENABLE_OBJC_ARC = YES;
				CLANG_ENABLE_OBJC_WEAK = YES;
				CLANG_WARN_BLOCK_CAPTURE_AUTORELEASING = YES;
				CLANG_WARN_BOOL_CONVERSION = YES;
				CLANG_WARN_COMMA = YES;
				CLANG_WARN_CONSTANT_CONVERSION = YES;
				CLANG_WARN_DEPRECATED_OBJC_IMPLEMENTATIONS = YES;
				CLANG_WARN_DIRECT_OBJC_ISA_USAGE = YES_ERROR;
				CLANG_WARN_DOCUMENTATION_COMMENTS = YES;
				CLANG_WARN_EMPTY_BODY = YES;
				CLANG_WARN_ENUM_CONVERSION = YES;
				CLANG_WARN_INFINITE_RECURSION = YES;
				CLANG_WARN_INT_CONVERSION = YES;
				CLANG_WARN_NON_LITERAL_NULL_CONVERSION = YES;
				CLANG_WARN_OBJC_IMPLICIT_RETAIN_SELF = YES;
				CLANG_WARN_OBJC_LITERAL_CONVERSION = YES;
				CLANG_WARN_OBJC_ROOT_CLASS = YES_ERROR;
				CLANG_WARN_QUOTED_INCLUDE_IN_FRAMEWORK_HEADER = YES;
				CLANG_WARN_RANGE_LOOP_ANALYSIS = YES;
				CLANG_WARN_STRICT_PROTOTYPES = YES;
				CLANG_WARN_SUSPICIOUS_MOVE = YES;
				CLANG_WARN_UNGUARDED_AVAILABILITY = YES_AGGRESSIVE;
				CLANG_WARN_UNREACHABLE_CODE = YES;
				CLANG_WARN__DUPLICATE_METHOD_MATCH = YES;
				COPY_PHASE_STRIP = NO;
				DEBUG_INFORMATION_FORMAT = dwarf;
				ENABLE_STRICT_OBJC_MSGSEND = YES;
				ENABLE_TESTABILITY = YES;
				ENABLE_USER_SCRIPT_SANDBOXING = YES;
				GCC_C_LANGUAGE_STANDARD = gnu17;
				GCC_DYNAMIC_NO_PIC = NO;
				GCC_NO_COMMON_BLOCKS = YES;
				GCC_OPTIMIZATION_LEVEL = 0;
				GCC_PREPROCESSOR_DEFINITIONS = (
					"DEBUG=1",
					"$(inherited)",
				);
				GCC_WARN_64_TO_32_BIT_CONVERSION = YES;
				GCC_WARN_ABOUT_RETURN_TYPE = YES_ERROR;
				GCC_WARN_UNDECLARED_SELECTOR = YES;
				GCC_WARN_UNINITIALIZED_AUTOS = YES_AGGRESSIVE;
				GCC_WARN_UNUSED_FUNCTION = YES;
				GCC_WARN_UNUSED_VARIABLE = YES;
				IPHONEOS_DEPLOYMENT_TARGET = 17.2;
				LOCALIZATION_PREFERS_STRING_CATALOGS = YES;
				MTL_ENABLE_DEBUG_INFO = INCLUDE_SOURCE;
				MTL_FAST_MATH = YES;
				ONLY_ACTIVE_ARCH = YES;
				SDKROOT = iphoneos;
				SWIFT_ACTIVE_COMPILATION_CONDITIONS = "DEBUG $(inherited)";
				SWIFT_OPTIMIZATION_LEVEL = "-Onone";
			};
			name = Debug;
		};
		86801B262B3BF738001D5776 /* Release */ = {
			isa = XCBuildConfiguration;
			buildSettings = {
				ALWAYS_SEARCH_USER_PATHS = NO;
				ASSETCATALOG_COMPILER_GENERATE_SWIFT_ASSET_SYMBOL_EXTENSIONS = YES;
				CLANG_ANALYZER_NONNULL = YES;
				CLANG_ANALYZER_NUMBER_OBJECT_CONVERSION = YES_AGGRESSIVE;
				CLANG_CXX_LANGUAGE_STANDARD = "gnu++20";
				CLANG_ENABLE_MODULES = YES;
				CLANG_ENABLE_OBJC_ARC = YES;
				CLANG_ENABLE_OBJC_WEAK = YES;
				CLANG_WARN_BLOCK_CAPTURE_AUTORELEASING = YES;
				CLANG_WARN_BOOL_CONVERSION = YES;
				CLANG_WARN_COMMA = YES;
				CLANG_WARN_CONSTANT_CONVERSION = YES;
				CLANG_WARN_DEPRECATED_OBJC_IMPLEMENTATIONS = YES;
				CLANG_WARN_DIRECT_OBJC_ISA_USAGE = YES_ERROR;
				CLANG_WARN_DOCUMENTATION_COMMENTS = YES;
				CLANG_WARN_EMPTY_BODY = YES;
				CLANG_WARN_ENUM_CONVERSION = YES;
				CLANG_WARN_INFINITE_RECURSION = YES;
				CLANG_WARN_INT_CONVERSION = YES;
				CLANG_WARN_NON_LITERAL_NULL_CONVERSION = YES;
				CLANG_WARN_OBJC_IMPLICIT_RETAIN_SELF = YES;
				CLANG_WARN_OBJC_LITERAL_CONVERSION = YES;
				CLANG_WARN_OBJC_ROOT_CLASS = YES_ERROR;
				CLANG_WARN_QUOTED_INCLUDE_IN_FRAMEWORK_HEADER = YES;
				CLANG_WARN_RANGE_LOOP_ANALYSIS = YES;
				CLANG_WARN_STRICT_PROTOTYPES = YES;
				CLANG_WARN_SUSPICIOUS_MOVE = YES;
				CLANG_WARN_UNGUARDED_AVAILABILITY = YES_AGGRESSIVE;
				CLANG_WARN_UNREACHABLE_CODE = YES;
				CLANG_WARN__DUPLICATE_METHOD_MATCH = YES;
				COPY_PHASE_STRIP = NO;
				DEBUG_INFORMATION_FORMAT = "dwarf-with-dsym";
				ENABLE_NS_ASSERTIONS = NO;
				ENABLE_STRICT_OBJC_MSGSEND = YES;
				ENABLE_USER_SCRIPT_SANDBOXING = YES;
				GCC_C_LANGUAGE_STANDARD = gnu17;
				GCC_NO_COMMON_BLOCKS = YES;
				GCC_WARN_64_TO_32_BIT_CONVERSION = YES;
				GCC_WARN_ABOUT_RETURN_TYPE = YES_ERROR;
				GCC_WARN_UNDECLARED_SELECTOR = YES;
				GCC_WARN_UNINITIALIZED_AUTOS = YES_AGGRESSIVE;
				GCC_WARN_UNUSED_FUNCTION = YES;
				GCC_WARN_UNUSED_VARIABLE = YES;
				IPHONEOS_DEPLOYMENT_TARGET = 17.2;
				LOCALIZATION_PREFERS_STRING_CATALOGS = YES;
				MTL_ENABLE_DEBUG_INFO = NO;
				MTL_FAST_MATH = YES;
				SDKROOT = iphoneos;
				SWIFT_COMPILATION_MODE = wholemodule;
				VALIDATE_PRODUCT = YES;
			};
			name = Release;
		};
		86801B282B3BF738001D5776 /* Debug */ = {
			isa = XCBuildConfiguration;
			buildSettings = {
				ASSETCATALOG_COMPILER_APPICON_NAME = AppIcon;
				ASSETCATALOG_COMPILER_GLOBAL_ACCENT_COLOR_NAME = AccentColor;
				CODE_SIGN_STYLE = Automatic;
				CURRENT_PROJECT_VERSION = 1;
				DEVELOPMENT_ASSET_PATHS = "\"BreakfastRecipes/Preview Content\"";
				DEVELOPMENT_TEAM = 3KQ9N5F32S;
				ENABLE_PREVIEWS = YES;
				GENERATE_INFOPLIST_FILE = YES;
				INFOPLIST_FILE = BreakfastRecipes/Info.plist;
				INFOPLIST_KEY_CFBundleDisplayName = Recipe;
				INFOPLIST_KEY_LSApplicationCategoryType = "public.app-category.food-and-drink";
				INFOPLIST_KEY_UIApplicationSceneManifest_Generation = YES;
				INFOPLIST_KEY_UIApplicationSupportsIndirectInputEvents = YES;
				INFOPLIST_KEY_UILaunchStoryboardName = "Launch Screen.storyboard";
				INFOPLIST_KEY_UISupportedInterfaceOrientations = UIInterfaceOrientationPortrait;
				INFOPLIST_KEY_UISupportedInterfaceOrientations_iPad = "UIInterfaceOrientationPortrait UIInterfaceOrientationPortraitUpsideDown";
				IPHONEOS_DEPLOYMENT_TARGET = 16.0;
				LD_RUNPATH_SEARCH_PATHS = (
					"$(inherited)",
					"@executable_path/Frameworks",
				);
				MARKETING_VERSION = 1.0;
				PRODUCT_BUNDLE_IDENTIFIER = "Aliia-Satbakova.BreakfastRecipes";
				PRODUCT_NAME = "$(TARGET_NAME)";
				SWIFT_EMIT_LOC_STRINGS = YES;
				SWIFT_VERSION = 5.0;
				TARGETED_DEVICE_FAMILY = "1,2";
			};
			name = Debug;
		};
		86801B292B3BF738001D5776 /* Release */ = {
			isa = XCBuildConfiguration;
			buildSettings = {
				ASSETCATALOG_COMPILER_APPICON_NAME = AppIcon;
				ASSETCATALOG_COMPILER_GLOBAL_ACCENT_COLOR_NAME = AccentColor;
				CODE_SIGN_STYLE = Automatic;
				CURRENT_PROJECT_VERSION = 1;
				DEVELOPMENT_ASSET_PATHS = "\"BreakfastRecipes/Preview Content\"";
				DEVELOPMENT_TEAM = 3KQ9N5F32S;
				ENABLE_PREVIEWS = YES;
				GENERATE_INFOPLIST_FILE = YES;
				INFOPLIST_FILE = BreakfastRecipes/Info.plist;
				INFOPLIST_KEY_CFBundleDisplayName = Recipe;
				INFOPLIST_KEY_LSApplicationCategoryType = "public.app-category.food-and-drink";
				INFOPLIST_KEY_UIApplicationSceneManifest_Generation = YES;
				INFOPLIST_KEY_UIApplicationSupportsIndirectInputEvents = YES;
				INFOPLIST_KEY_UILaunchStoryboardName = "Launch Screen.storyboard";
				INFOPLIST_KEY_UISupportedInterfaceOrientations = UIInterfaceOrientationPortrait;
				INFOPLIST_KEY_UISupportedInterfaceOrientations_iPad = "UIInterfaceOrientationPortrait UIInterfaceOrientationPortraitUpsideDown";
				IPHONEOS_DEPLOYMENT_TARGET = 16.0;
				LD_RUNPATH_SEARCH_PATHS = (
					"$(inherited)",
					"@executable_path/Frameworks",
				);
				MARKETING_VERSION = 1.0;
				PRODUCT_BUNDLE_IDENTIFIER = "Aliia-Satbakova.BreakfastRecipes";
				PRODUCT_NAME = "$(TARGET_NAME)";
				SWIFT_EMIT_LOC_STRINGS = YES;
				SWIFT_VERSION = 5.0;
				TARGETED_DEVICE_FAMILY = "1,2";
			};
			name = Release;
		};
/* End XCBuildConfiguration section */

/* Begin XCConfigurationList section */
		86801B142B3BF737001D5776 /* Build configuration list for PBXProject "BreakfastRecipes" */ = {
			isa = XCConfigurationList;
			buildConfigurations = (
				86801B252B3BF738001D5776 /* Debug */,
				86801B262B3BF738001D5776 /* Release */,
			);
			defaultConfigurationIsVisible = 0;
			defaultConfigurationName = Release;
		};
		86801B272B3BF738001D5776 /* Build configuration list for PBXNativeTarget "BreakfastRecipes" */ = {
			isa = XCConfigurationList;
			buildConfigurations = (
				86801B282B3BF738001D5776 /* Debug */,
				86801B292B3BF738001D5776 /* Release */,
			);
			defaultConfigurationIsVisible = 0;
			defaultConfigurationName = Release;
		};
/* End XCConfigurationList section */
	};
	rootObject = 86801B112B3BF737001D5776 /* Project object */;
}
